
Microsoft Visual Studio Solution File, Format Version 12.00
Project("{2150E333-8FDC-42A3-9474-1A3956D46DE8}") = "src", "src", "{2277D53C-4826-4E33-BF6E-1E267B6692D9}"
EndProject
Project("{2150E333-8FDC-42A3-9474-1A3956D46DE8}") = "tests", "tests", "{680D988E-F186-47E3-8DA9-B69A137F7BDC}"
EndProject
Project("{2150E333-8FDC-42A3-9474-1A3956D46DE8}") = "FileSystem", "FileSystem", "{2A37DAF6-1A1E-439A-8DFF-56C6CFCC2BA9}"
EndProject
Project("{2150E333-8FDC-42A3-9474-1A3956D46DE8}") = "FileSystem", "FileSystem", "{B4C2A55D-1389-4A28-9DF1-6D337723782E}"
EndProject
Project("{FAE04EC0-301F-11D3-BF4B-00C04F79EFBC}") = "DotSync.FileSystem.Domain", "src\FileSystem\DotSync.FileSystem.Domain\DotSync.FileSystem.Domain.csproj", "{77D93EEC-A08C-416F-9236-8A20D19FC448}"
EndProject
Project("{FAE04EC0-301F-11D3-BF4B-00C04F79EFBC}") = "DotSync.FileSystem.Domain.Tests", "tests\FileSystem\DotSync.FileSystem.Domain.Tests\DotSync.FileSystem.Domain.Tests.csproj", "{1AA56FC9-3287-405E-8C46-5E32DCE6BBF5}"
EndProject
Project("{FAE04EC0-301F-11D3-BF4B-00C04F79EFBC}") = "DotSync.FileSystem.Application", "src\FileSystem\DotSync.FileSystem.Application\DotSync.FileSystem.Application.csproj", "{F5C84F7F-4224-48E9-A9D1-436617B6B57C}"
EndProject
Project("{FAE04EC0-301F-11D3-BF4B-00C04F79EFBC}") = "DotSync.FileSystem.Application.Tests", "tests\FileSystem\DotSync.FileSystem.Application.Tests\DotSync.FileSystem.Application.Tests.csproj", "{2D2549DA-23B1-414E-9939-8F0598900DFC}"
EndProject
Project("{FAE04EC0-301F-11D3-BF4B-00C04F79EFBC}") = "DotSync.FileSystem.Infrastructure", "src\FileSystem\DotSync.FileSystem.Infrastructure\DotSync.FileSystem.Infrastructure.csproj", "{11A8C7F5-772F-4EDA-8ED9-DBC90DE29B49}"
EndProject
Project("{FAE04EC0-301F-11D3-BF4B-00C04F79EFBC}") = "DotSync.FileSystem.Infrastructure.Tests", "tests\FileSystem\DotSync.FileSystem.Infrastructure.Tests\DotSync.FileSystem.Infrastructure.Tests.csproj", "{84222E7B-67E1-419E-80FF-F38B59A48606}"
EndProject
Project("{2150E333-8FDC-42A3-9474-1A3956D46DE8}") = "Common", "Common", "{3F78D0AC-8EE9-4283-A924-9B38E3F86C6F}"
EndProject
Project("{2150E333-8FDC-42A3-9474-1A3956D46DE8}") = "Common", "Common", "{9820262F-E302-4A71-B800-90F98CBCFDDA}"
EndProject
Project("{FAE04EC0-301F-11D3-BF4B-00C04F79EFBC}") = "DotSync.Common.Domain", "src\Common\DotSync.Common.Domain\DotSync.Common.Domain.csproj", "{8A030F0D-7348-4E5B-B60D-8351ECA667A2}"
EndProject
Project("{FAE04EC0-301F-11D3-BF4B-00C04F79EFBC}") = "DotSync.Common.Domain.Tests", "tests\Common\DotSync.Common.Domain.Tests\DotSync.Common.Domain.Tests.csproj", "{64D93053-483B-4A7B-BFC9-5C64743556D7}"
EndProject
Project("{FAE04EC0-301F-11D3-BF4B-00C04F79EFBC}") = "DotSync.Common.Application", "src\Common\DotSync.Common.Application\DotSync.Common.Application.csproj", "{E4D6CA00-C0CA-4E21-9429-D387AD2676C9}"
EndProject
Project("{FAE04EC0-301F-11D3-BF4B-00C04F79EFBC}") = "DotSync.Common.Application.Tests", "tests\Common\DotSync.Common.Application.Tests\DotSync.Common.Application.Tests.csproj", "{E50A685E-B82B-40B7-B590-87338A7CD710}"
EndProject
Project("{FAE04EC0-301F-11D3-BF4B-00C04F79EFBC}") = "DotSync.Common.Infrastructure", "src\Common\DotSync.Common.Infrastructure\DotSync.Common.Infrastructure.csproj", "{38D4D376-7E56-436C-A607-64B2D0872C70}"
EndProject
Project("{FAE04EC0-301F-11D3-BF4B-00C04F79EFBC}") = "DotSync.Common.Infrastructure.Tests", "tests\Common\DotSync.Common.Infrastructure.Tests\DotSync.Common.Infrastructure.Tests.csproj", "{3C1DE3BE-D966-4C7F-BD03-5598A31E4694}"
EndProject
Project("{FAE04EC0-301F-11D3-BF4B-00C04F79EFBC}") = "DotSync.Common", "src\Common\DotSync.Common\DotSync.Common.csproj", "{33057760-E8FF-4496-903A-B3609B473029}"
EndProject
Project("{FAE04EC0-301F-11D3-BF4B-00C04F79EFBC}") = "DotSync.Common.Tests", "tests\Common\DotSync.Common.Tests\DotSync.Common.Tests.csproj", "{4C809C1C-F4AD-4A96-B0FC-7946AC7F40E3}"
EndProject
Project("{2150E333-8FDC-42A3-9474-1A3956D46DE8}") = "Apps", "Apps", "{95526F33-6233-4ECB-B5F9-F440132053F3}"
EndProject
Project("{FAE04EC0-301F-11D3-BF4B-00C04F79EFBC}") = "DotSync.Apps.Common", "src\Apps\DotSync.Apps.Common\DotSync.Apps.Common.csproj", "{CB8E7F34-15A5-4872-9A04-8077FFED19EF}"
EndProject
Project("{FAE04EC0-301F-11D3-BF4B-00C04F79EFBC}") = "DotSync.Apps.WebApp", "src\Apps\DotSync.Apps.WebApp\DotSync.Apps.WebApp.csproj", "{EDBAE3D0-E426-4BC7-9170-CACED2324848}"
EndProject
Project("{FAE04EC0-301F-11D3-BF4B-00C04F79EFBC}") = "DotSync.Apps.WebApp.Demo", "src\Apps\DotSync.Apps.WebApp.Demo\DotSync.Apps.WebApp.Demo.csproj", "{7282A79B-E32E-46DF-AF3F-EC2648FC09ED}"
EndProject
Project("{2150E333-8FDC-42A3-9474-1A3956D46DE8}") = "Solution Items", "Solution Items", "{D6D7EC26-B252-468E-BD8E-4440A5F379AE}"
	ProjectSection(SolutionItems) = preProject
		docker-compose.yaml = docker-compose.yaml
		docker-compose.demo.yaml = docker-compose.demo.yaml
	EndProjectSection
EndProject
Global
	GlobalSection(SolutionConfigurationPlatforms) = preSolution
		Debug|Any CPU = Debug|Any CPU
		Release|Any CPU = Release|Any CPU
	EndGlobalSection
	GlobalSection(NestedProjects) = preSolution
		{2A37DAF6-1A1E-439A-8DFF-56C6CFCC2BA9} = {2277D53C-4826-4E33-BF6E-1E267B6692D9}
		{B4C2A55D-1389-4A28-9DF1-6D337723782E} = {680D988E-F186-47E3-8DA9-B69A137F7BDC}
		{77D93EEC-A08C-416F-9236-8A20D19FC448} = {2A37DAF6-1A1E-439A-8DFF-56C6CFCC2BA9}
		{1AA56FC9-3287-405E-8C46-5E32DCE6BBF5} = {B4C2A55D-1389-4A28-9DF1-6D337723782E}
		{F5C84F7F-4224-48E9-A9D1-436617B6B57C} = {2A37DAF6-1A1E-439A-8DFF-56C6CFCC2BA9}
		{2D2549DA-23B1-414E-9939-8F0598900DFC} = {B4C2A55D-1389-4A28-9DF1-6D337723782E}
		{11A8C7F5-772F-4EDA-8ED9-DBC90DE29B49} = {2A37DAF6-1A1E-439A-8DFF-56C6CFCC2BA9}
		{84222E7B-67E1-419E-80FF-F38B59A48606} = {B4C2A55D-1389-4A28-9DF1-6D337723782E}
		{3F78D0AC-8EE9-4283-A924-9B38E3F86C6F} = {2277D53C-4826-4E33-BF6E-1E267B6692D9}
		{9820262F-E302-4A71-B800-90F98CBCFDDA} = {680D988E-F186-47E3-8DA9-B69A137F7BDC}
		{8A030F0D-7348-4E5B-B60D-8351ECA667A2} = {3F78D0AC-8EE9-4283-A924-9B38E3F86C6F}
		{64D93053-483B-4A7B-BFC9-5C64743556D7} = {9820262F-E302-4A71-B800-90F98CBCFDDA}
		{E4D6CA00-C0CA-4E21-9429-D387AD2676C9} = {3F78D0AC-8EE9-4283-A924-9B38E3F86C6F}
		{E50A685E-B82B-40B7-B590-87338A7CD710} = {9820262F-E302-4A71-B800-90F98CBCFDDA}
		{38D4D376-7E56-436C-A607-64B2D0872C70} = {3F78D0AC-8EE9-4283-A924-9B38E3F86C6F}
		{3C1DE3BE-D966-4C7F-BD03-5598A31E4694} = {9820262F-E302-4A71-B800-90F98CBCFDDA}
		{33057760-E8FF-4496-903A-B3609B473029} = {3F78D0AC-8EE9-4283-A924-9B38E3F86C6F}
		{4C809C1C-F4AD-4A96-B0FC-7946AC7F40E3} = {9820262F-E302-4A71-B800-90F98CBCFDDA}
		{95526F33-6233-4ECB-B5F9-F440132053F3} = {2277D53C-4826-4E33-BF6E-1E267B6692D9}
		{CB8E7F34-15A5-4872-9A04-8077FFED19EF} = {95526F33-6233-4ECB-B5F9-F440132053F3}
		{EDBAE3D0-E426-4BC7-9170-CACED2324848} = {95526F33-6233-4ECB-B5F9-F440132053F3}
		{7282A79B-E32E-46DF-AF3F-EC2648FC09ED} = {95526F33-6233-4ECB-B5F9-F440132053F3}
	EndGlobalSection
	GlobalSection(ProjectConfigurationPlatforms) = postSolution
		{77D93EEC-A08C-416F-9236-8A20D19FC448}.Debug|Any CPU.ActiveCfg = Debug|Any CPU
		{77D93EEC-A08C-416F-9236-8A20D19FC448}.Debug|Any CPU.Build.0 = Debug|Any CPU
		{77D93EEC-A08C-416F-9236-8A20D19FC448}.Release|Any CPU.ActiveCfg = Release|Any CPU
		{77D93EEC-A08C-416F-9236-8A20D19FC448}.Release|Any CPU.Build.0 = Release|Any CPU
		{1AA56FC9-3287-405E-8C46-5E32DCE6BBF5}.Debug|Any CPU.ActiveCfg = Debug|Any CPU
		{1AA56FC9-3287-405E-8C46-5E32DCE6BBF5}.Debug|Any CPU.Build.0 = Debug|Any CPU
		{1AA56FC9-3287-405E-8C46-5E32DCE6BBF5}.Release|Any CPU.ActiveCfg = Release|Any CPU
		{1AA56FC9-3287-405E-8C46-5E32DCE6BBF5}.Release|Any CPU.Build.0 = Release|Any CPU
		{F5C84F7F-4224-48E9-A9D1-436617B6B57C}.Debug|Any CPU.ActiveCfg = Debug|Any CPU
		{F5C84F7F-4224-48E9-A9D1-436617B6B57C}.Debug|Any CPU.Build.0 = Debug|Any CPU
		{F5C84F7F-4224-48E9-A9D1-436617B6B57C}.Release|Any CPU.ActiveCfg = Release|Any CPU
		{F5C84F7F-4224-48E9-A9D1-436617B6B57C}.Release|Any CPU.Build.0 = Release|Any CPU
		{2D2549DA-23B1-414E-9939-8F0598900DFC}.Debug|Any CPU.ActiveCfg = Debug|Any CPU
		{2D2549DA-23B1-414E-9939-8F0598900DFC}.Debug|Any CPU.Build.0 = Debug|Any CPU
		{2D2549DA-23B1-414E-9939-8F0598900DFC}.Release|Any CPU.ActiveCfg = Release|Any CPU
		{2D2549DA-23B1-414E-9939-8F0598900DFC}.Release|Any CPU.Build.0 = Release|Any CPU
		{11A8C7F5-772F-4EDA-8ED9-DBC90DE29B49}.Debug|Any CPU.ActiveCfg = Debug|Any CPU
		{11A8C7F5-772F-4EDA-8ED9-DBC90DE29B49}.Debug|Any CPU.Build.0 = Debug|Any CPU
		{11A8C7F5-772F-4EDA-8ED9-DBC90DE29B49}.Release|Any CPU.ActiveCfg = Release|Any CPU
		{11A8C7F5-772F-4EDA-8ED9-DBC90DE29B49}.Release|Any CPU.Build.0 = Release|Any CPU
		{84222E7B-67E1-419E-80FF-F38B59A48606}.Debug|Any CPU.ActiveCfg = Debug|Any CPU
		{84222E7B-67E1-419E-80FF-F38B59A48606}.Debug|Any CPU.Build.0 = Debug|Any CPU
		{84222E7B-67E1-419E-80FF-F38B59A48606}.Release|Any CPU.ActiveCfg = Release|Any CPU
		{84222E7B-67E1-419E-80FF-F38B59A48606}.Release|Any CPU.Build.0 = Release|Any CPU
		{8A030F0D-7348-4E5B-B60D-8351ECA667A2}.Debug|Any CPU.ActiveCfg = Debug|Any CPU
		{8A030F0D-7348-4E5B-B60D-8351ECA667A2}.Debug|Any CPU.Build.0 = Debug|Any CPU
		{8A030F0D-7348-4E5B-B60D-8351ECA667A2}.Release|Any CPU.ActiveCfg = Release|Any CPU
		{8A030F0D-7348-4E5B-B60D-8351ECA667A2}.Release|Any CPU.Build.0 = Release|Any CPU
		{64D93053-483B-4A7B-BFC9-5C64743556D7}.Debug|Any CPU.ActiveCfg = Debug|Any CPU
		{64D93053-483B-4A7B-BFC9-5C64743556D7}.Debug|Any CPU.Build.0 = Debug|Any CPU
		{64D93053-483B-4A7B-BFC9-5C64743556D7}.Release|Any CPU.ActiveCfg = Release|Any CPU
		{64D93053-483B-4A7B-BFC9-5C64743556D7}.Release|Any CPU.Build.0 = Release|Any CPU
		{E4D6CA00-C0CA-4E21-9429-D387AD2676C9}.Debug|Any CPU.ActiveCfg = Debug|Any CPU
		{E4D6CA00-C0CA-4E21-9429-D387AD2676C9}.Debug|Any CPU.Build.0 = Debug|Any CPU
		{E4D6CA00-C0CA-4E21-9429-D387AD2676C9}.Release|Any CPU.ActiveCfg = Release|Any CPU
		{E4D6CA00-C0CA-4E21-9429-D387AD2676C9}.Release|Any CPU.Build.0 = Release|Any CPU
		{E50A685E-B82B-40B7-B590-87338A7CD710}.Debug|Any CPU.ActiveCfg = Debug|Any CPU
		{E50A685E-B82B-40B7-B590-87338A7CD710}.Debug|Any CPU.Build.0 = Debug|Any CPU
		{E50A685E-B82B-40B7-B590-87338A7CD710}.Release|Any CPU.ActiveCfg = Release|Any CPU
		{E50A685E-B82B-40B7-B590-87338A7CD710}.Release|Any CPU.Build.0 = Release|Any CPU
		{38D4D376-7E56-436C-A607-64B2D0872C70}.Debug|Any CPU.ActiveCfg = Debug|Any CPU
		{38D4D376-7E56-436C-A607-64B2D0872C70}.Debug|Any CPU.Build.0 = Debug|Any CPU
		{38D4D376-7E56-436C-A607-64B2D0872C70}.Release|Any CPU.ActiveCfg = Release|Any CPU
		{38D4D376-7E56-436C-A607-64B2D0872C70}.Release|Any CPU.Build.0 = Release|Any CPU
		{3C1DE3BE-D966-4C7F-BD03-5598A31E4694}.Debug|Any CPU.ActiveCfg = Debug|Any CPU
		{3C1DE3BE-D966-4C7F-BD03-5598A31E4694}.Debug|Any CPU.Build.0 = Debug|Any CPU
		{3C1DE3BE-D966-4C7F-BD03-5598A31E4694}.Release|Any CPU.ActiveCfg = Release|Any CPU
		{3C1DE3BE-D966-4C7F-BD03-5598A31E4694}.Release|Any CPU.Build.0 = Release|Any CPU
		{33057760-E8FF-4496-903A-B3609B473029}.Debug|Any CPU.ActiveCfg = Debug|Any CPU
		{33057760-E8FF-4496-903A-B3609B473029}.Debug|Any CPU.Build.0 = Debug|Any CPU
		{33057760-E8FF-4496-903A-B3609B473029}.Release|Any CPU.ActiveCfg = Release|Any CPU
		{33057760-E8FF-4496-903A-B3609B473029}.Release|Any CPU.Build.0 = Release|Any CPU
		{4C809C1C-F4AD-4A96-B0FC-7946AC7F40E3}.Debug|Any CPU.ActiveCfg = Debug|Any CPU
		{4C809C1C-F4AD-4A96-B0FC-7946AC7F40E3}.Debug|Any CPU.Build.0 = Debug|Any CPU
		{4C809C1C-F4AD-4A96-B0FC-7946AC7F40E3}.Release|Any CPU.ActiveCfg = Release|Any CPU
		{4C809C1C-F4AD-4A96-B0FC-7946AC7F40E3}.Release|Any CPU.Build.0 = Release|Any CPU
		{CB8E7F34-15A5-4872-9A04-8077FFED19EF}.Debug|Any CPU.ActiveCfg = Debug|Any CPU
		{CB8E7F34-15A5-4872-9A04-8077FFED19EF}.Debug|Any CPU.Build.0 = Debug|Any CPU
		{CB8E7F34-15A5-4872-9A04-8077FFED19EF}.Release|Any CPU.ActiveCfg = Release|Any CPU
		{CB8E7F34-15A5-4872-9A04-8077FFED19EF}.Release|Any CPU.Build.0 = Release|Any CPU
		{EDBAE3D0-E426-4BC7-9170-CACED2324848}.Debug|Any CPU.ActiveCfg = Debug|Any CPU
		{EDBAE3D0-E426-4BC7-9170-CACED2324848}.Debug|Any CPU.Build.0 = Debug|Any CPU
		{EDBAE3D0-E426-4BC7-9170-CACED2324848}.Release|Any CPU.ActiveCfg = Release|Any CPU
		{EDBAE3D0-E426-4BC7-9170-CACED2324848}.Release|Any CPU.Build.0 = Release|Any CPU
		{7282A79B-E32E-46DF-AF3F-EC2648FC09ED}.Debug|Any CPU.ActiveCfg = Debug|Any CPU
		{7282A79B-E32E-46DF-AF3F-EC2648FC09ED}.Debug|Any CPU.Build.0 = Debug|Any CPU
		{7282A79B-E32E-46DF-AF3F-EC2648FC09ED}.Release|Any CPU.ActiveCfg = Release|Any CPU
		{7282A79B-E32E-46DF-AF3F-EC2648FC09ED}.Release|Any CPU.Build.0 = Release|Any CPU
	EndGlobalSection
EndGlobal
